version = 1
revision = 3
requires-python = ">=3.12"

[[package]]
name = "asgiref"
version = "3.12.1"
source = { registry = "https://pypi.org/simple" }
sdist = { url = "https://files.pythonhosted.org/packages/e6/26/3b59f2bdae5f640389becb1f673cded775287f5fc4f816309d9ca9a3f93d/asgiref-3.12.1.tar.gz", hash = "sha256:59dcb51c272ad209d59bed5708a64a333083e86017d7fcdd67498eeab7784340", size = 42378, upload-time = "2026-07-14T09:56:18.087Z" }
wheels = [
    { url = "https://files.pythonhosted.org/packages/c0/1b/54f4ad77cd8a584fa70746c47df988e002cf1ee1eba43364d46f87803647/asgiref-3.12.1-py3-none-any.whl", hash = "sha256:fe386d1c2bff7259ea95929266d12a8cf9a8b5a1c2598402967d8792e7a7c094", size = 25478, upload-time = "2026-07-14T09:56:16.926Z" },
]

[[package]]
name = "colorama"
version = "0.4.6"
source = { registry = "https://pypi.org/simple" }
sdist = { url = "https://files.pythonhosted.org/packages/d8/53/6f443c9a4a8358a93a6792e2acffb9d9d5cb0a5cfd8802644b7b1c9a02e4/colorama-0.4.6.tar.gz", hash = "sha256:08695f5cb7ed6e0531a20572697297273c47b8cae5a63ffc6d6ed5c201be6e44", size = 27697, upload-time = "2022-10-25T02:36:22.414Z" }
wheels = [
    { url = "https://files.pythonhosted.org/packages/d1/d6/3965ed04c63042e047cb6a3e6ed1a63a35087b6a609aa3a15ed8ac56c221/colorama-0.4.6-py2.py3-none-any.whl", hash = "sha256:4f1d9991f5acc0ca119f9d443620b77f9d6b33703e51011c16baf57afb285fc6", size = 25335, upload-time = "2022-10-25T02:36:20.889Z" },
]

[[package]]
name = "django"
version = "6.1"
source = { registry = "https://pypi.org/simple" }
dependencies = [
    { name = "asgiref" },
    { name = "sqlparse" },
    { name = "tzdata", marker = "sys_platform == 'win32'" },
]
sdist = { url = "https://files.pythonhosted.org/packages/e2/42/6cb20996733984c1f6661daeda3877990836c76c633c6c8879d39f7120eb/django-6.1.tar.gz", hash = "sha256:86a2aacd59b817e4d6ac2ebfe22356c58f66f7b24e503f71b7c2fead677ee48b", size = 11223034, upload-time = "2026-08-05T19:21:53.789Z" }
wheels = [
    { url = "https://files.pythonhosted.org/packages/91/9c/ce847620134cfab903e75690c498af73b46abbede2912ea89bd76d5c1e76/django-6.1-py3-none-any.whl", hash = "sha256:6c132cd980c9392b06807d4ca52d72530d631dc65a85d9dacede00a780cefbbe", size = 8417399, upload-time = "2026-08-05T19:21:47.285Z" },
]

[[package]]
name = "django-fast-multipart"
version = "0.1.2"
source = { editable = "." }
dependencies = [
    { name = "django" },
]

[package.dev-dependencies]
dev = [
    { name = "hypothesis" },
    { name = "maturin" },
    { name = "pyperf" },
    { name = "pytest" },
    { name = "ruff" },
]

[package.metadata]
requires-dist = [{ name = "django", specifier = ">=6.1,<6.2" }]

[package.metadata.requires-dev]
dev = [
    { name = "hypothesis", specifier = ">=6.0" },
    { name = "maturin", specifier = ">=1.7,<2" },
    { name = "pyperf", specifier = ">=2.10" },
    { name = "pytest", specifier = ">=8.4" },
    { name = "ruff", specifier = ">=0.12" },
]

[[package]]
name = "hypothesis"
version = "6.167.0"
source = { registry = "https://pypi.org/simple" }
dependencies = [
    { name = "sortedcontainers" },
]
sdist = { url = "https://files.pythonhosted.org/packages/96/74/e8d1f7080bdaa20daafc7e301075660576d6dae416d0e415df584f1517f0/hypothesis-6.167.0.tar.gz", hash = "sha256:23a60707a2bc5e0c59ef95e94264c4e8fd1c54b4ca1b95cbde74fb68b9c2eeef", size = 505791, upload-time = "2026-08-30T02:06:27.667Z" }
wheels = [
    { url = "https://files.pythonhosted.org/packages/c3/81/36552b61148d1a8f7659ea5ff0a6ee9a430cbdcc370f686e797307c8634f/hypothesis-6.167.0-cp310-abi3-macosx_10_12_x86_64.whl", hash = "sha256:dc30b21a0b9c0f1af43c6c2c53c009bbf08580e904f1f108bf4d13650a7c7784", size = 785398, upload-time = "2026-08-30T02:05:01.993Z" },
    { url = "https://files.pythonhosted.org/packages/17/e5/30558f078b9a3edf4cfb43c95ed7d71956e149a0c9cd84290c766e7ebb33/hypothesis-6.167.0-cp310-abi3-macosx_11_0_arm64.whl", hash = "sha256:014b237fe33d9abf50a4bbdc1d9de04307a768bf0fee43422f541169b91eae53", size = 780984, upload-time = "2026-08-30T02:04:33.175Z" },
    { url = "https://files.pythonhosted.org/packages/ad/20/998a8b2c3a457f7303f3d96a7a7542fadc0addd8bc673a1ab2f93bc5a82f/hypothesis-6.167.0-cp310-abi3-manylinux_2_17_aarch64.manylinux2014_aarch64.whl", hash = "sha256:6d3b8435c73a4502e57e757dd80eac73bbc0c9664b0149a9e31250d0711753c8", size = 1117782, upload-time = "2026-08-30T02:05:31.145Z" },
    { url = "https://files.pythonhosted.org/packages/cb/6c/a97cb14e548b5b0d891ed4706d12445f896133df3198ade45e6d8a42b2d3/hypothesis-6.167.0-cp310-abi3-manylinux_2_17_armv7l.manylinux2014_armv7l.whl", hash = "sha256:34270e93976cf038852a990836a45f9df55883ee8d661131497ec5a1a067af37", size = 1141560, upload-time = "2026-08-30T02:04:16.144Z" },
    { url = "https://files.pythonhosted.org/packages/d6/0f/ebce0b534dff576d9de505084f9e940ea506567c2c0dd06bdb68dcbc2749/hypothesis-6.167.0-cp310-abi3-manylinux_2_17_ppc64le.manylinux2014_ppc64le.whl", hash = "sha256:a95359d9dbe8057b4ed6ef51217540357303e2e558c61f1a2eaa641362648b7c", size = 1143210, upload-time = "2026-08-30T02:05:25.824Z" },
    { url = "https://files.pythonhosted.org/packages/dc/0c/26aa55d3823c5a0f9c862794100f371210214663cd909ad297780543077e/hypothesis-6.167.0-cp310-abi3-manylinux_2_17_x86_64.manylinux2014_x86_64.whl", hash = "sha256:4346b4ab05c59613f828452bbf3c8165d31536141dfaece9ad22f9c56b23310d", size = 1163270, upload-time = "2026-08-30T02:05:15.191Z" },
    { url = "https://files.pythonhosted.org/packages/ac/3d/f4a4ac1919ce29fbdcb4a5db3160690d7c35c47480c6e922386536930a43/hypothesis-6.167.0-cp310-abi3-manylinux_2_31_riscv64.whl", hash = "sha256:31bdca9e569d28a2b17399163a150d7de51fe3d3161203087ee9ee34cba13390", size = 1122975, upload-time = "2026-08-30T02:05:45.643Z" },
    { url = "https://files.pythonhosted.org/packages/6d/65/49633fe583d8470d40d19ad369990ae20068aa87abc185ebc2201631460b/hypothesis-6.167.0-cp310-abi3-manylinux_2_5_i686.manylinux1_i686.whl", hash = "sha256:c7b8658329582e1dddee4f0a563ac53c6ed7262a52e1eebbd72810a443ea6a19", size = 1153926, upload-time = "2026-08-30T02:04:40.492Z" },
    { url = "https://files.pythonhosted.org/packages/42/98/266c863d9bb2eb2a7541016d33e36f713a0c10ac39740ff603933830f632/hypothesis-6.167.0-cp310-abi3-musllinux_1_2_aarch64.whl", hash = "sha256:1f9c13b3680e37f30184ec9a9fc19d99eaf2278313252a6bc1c51a5fce5b2be4", size = 1293647, upload-time = "2026-08-30T02:04:46.19Z" },
    { url = "https://files.pythonhosted.org/packages/88/0a/7645a13a3925898e0a46d8d07ae878777a84d5e3338a88320cab1e3b21ef/hypothesis-6.167.0-cp310-abi3-musllinux_1_2_armv7l.whl", hash = "sha256:5ad2bafeb2193981c5cc44490b4f329dd435b1c76c981844cd3549f031481bb2", size = 1419198, upload-time = "2026-08-30T02:06:05.889Z" },
    { url = "https://files.pythonhosted.org/packages/59/f5/f6fd5397ec7d4cbebcefa018680207dcc2f25d05b312fd4c66fc54b6436a/hypothesis-6.167.0-cp310-abi3-musllinux_1_2_ppc64le.whl", hash = "sha256:c27f11ee4a13960ea64f58b744ee134a50c160b83b8d3de24e7bb744f302fe0a", size = 1274832, upload-time = "2026-08-30T02:05:53.085Z" },
    { url = "https://files.pythonhosted.org/packages/b9/c8/6cdc6e4e5f325f513f8d2672fbc0bb3c83cfbbac710080016db4729708c1/hypothesis-6.167.0-cp310-abi3-musllinux_1_2_riscv64.whl", hash = "sha256:42be1bf942e4279892a9af46745363d053931daf4aef50634789a2301bcbed78", size = 1294087, upload-time = "2026-08-30T02:06:23.468Z" },
    { url = "https://files.pythonhosted.org/packages/e5/d0/9ed25a5a6f4206e0c244f1c3949a2522c203eb624425101c30cf47e53452/hypothesis-6.167.0-cp310-abi3-musllinux_1_2_x86_64.whl", hash = "sha256:b7ecfb0d63107fad49e56b9ccdb64e76c37ca96559509c8114ed68a27affa5bf", size = 1329934, upload-time = "2026-08-30T02:05:03.719Z" },
    { url = "https://files.pythonhosted.org/packages/db/60/9e0eac0dea23aab5b1331673fcbd1450650a791852d5ec59a6e0df48a606/hypothesis-6.167.0-cp310-abi3-win32.whl", hash = "sha256:5024a40cd2c82f7391499d5348c7cbf0360f6e6d3a116fb9020aa48f5a212483", size = 671853, upload-time = "2026-08-30T02:04:26.692Z" },
    { url = "https://files.pythonhosted.org/packages/fc/6d/bf40b243c0a569026696173a817e7953067959e103551374d08aa2e8d48e/hypothesis-6.167.0-cp310-abi3-win_amd64.whl", hash = "sha256:f0301a5b9c04b6ec7b642e22dd581b64addfc1c07e9188e10394c94816c9b059", size = 678555, upload-time = "2026-08-30T02:06:14.335Z" },
    { url = "https://files.pythonhosted.org/packages/3b/d1/3db36d9d71f291b96fcfb9ba68d696a046ac6723a69bad5e718c520e66dc/hypothesis-6.167.0-cp310-abi3-win_arm64.whl", hash = "sha256:cf4ee1dd5eb44f15c221b7bebab5c9f823e3593f6e09c3adb6ad8cc4af5f1eb0", size = 676571, upload-time = "2026-08-30T02:05:51.208Z" },
    { url = "https://files.pythonhosted.org/packages/b3/4d/dbe4cccac3fac6c338403dd5da42408779a44ada86a4db9810e329d0c9cd/hypothesis-6.167.0-cp312-cp312-macosx_10_12_x86_64.whl", hash = "sha256:42e4e0a97dba87463a7636c370d2b8dff690a74896d20ec016c5b2eba72b50e5", size = 786972, upload-time = "2026-08-30T02:04:34.662Z" },
    { url = "https://files.pythonhosted.org/packages/df/56/35aee232af8b772f0a37c35219f4d0f0695870427f7a6302d61ab4cd6dbb/hypothesis-6.167.0-cp312-cp312-macosx_11_0_arm64.whl", hash = "sha256:aac94c4414be605e6a2e6b95e0d0a976f2c09a6397faac3da6b2f9b1a7207e08", size = 778539, upload-time = "2026-08-30T02:05:57.277Z" },
    { url = "https://files.pythonhosted.org/packages/c7/71/c4c02d17d5404556c21180377bd50684acd42163216ea16930d9e95b6752/hypothesis-6.167.0-cp312-cp312-manylinux_2_17_aarch64.manylinux2014_aarch64.whl", hash = "sha256:220e68920f0da423c78aa0e06ee8461ad2eb964ff3fdb7cafb78754f3a992411", size = 1116634, upload-time = "2026-08-30T02:04:57.254Z" },
    { url = "https://files.pythonhosted.org/packages/fa/c4/769c8db3bb95cf1835e816032ed2bc0c37a6a6d339b671cecaaa121f5f53/hypothesis-6.167.0-cp312-cp312-manylinux_2_17_x86_64.manylinux2014_x86_64.whl", hash = "sha256:7b6369c7dc98ed0889121f5013145d5dc621977d0f594a8db737b8986a7e14a5", size = 1162621, upload-time = "2026-08-30T02:05:29.273Z" },
    { url = "https://files.pythonhosted.org/packages/63/3a/aaead27f746803574a7e82c8d6e2cdb15917ada21b989e5dfcd1eaade92c/hypothesis-6.167.0-cp312-cp312-musllinux_1_2_aarch64.whl", hash = "sha256:cc7da295b1692701ca190c0e99c190edaf10a69260b200a95edf220fe35c0ed2", size = 1292346, upload-time = "2026-08-30T02:04:39.026Z" },
    { url = "https://files.pythonhosted.org/packages/2d/b0/108d89dfab22011edf80b536fb66056439e83c77d1bb2e7513bf0128d55a/hypothesis-6.167.0-cp312-cp312-musllinux_1_2_x86_64.whl", hash = "sha256:2402fd4f170a4023d3ba5a20858a39e9e8fac105eced4eb619d7d11271be6f6b", size = 1329063, upload-time = "2026-08-30T02:05:20.655Z" },
    { url = "https://files.pythonhosted.org/packages/b4/fc/c312388154cf737ce7416201339dc8324c9c6b0726927e3581b57d426739/hypothesis-6.167.0-cp312-cp312-win_amd64.whl", hash = "sha256:004ddebe0f85bc96f63b570659d0d37ff5ad4f4be7fa4b98f3313ce405019610", size = 675887, upload-time = "2026-08-30T02:04:55.746Z" },
    { url = "https://files.pythonhosted.org/packages/94/1c/cf6854e55e7d35aa84de1c65a7f8bd8618dd15a8fea0c978a43c702852a1/hypothesis-6.167.0-cp313-cp313-macosx_10_12_x86_64.whl", hash = "sha256:a4841ec07f0af94633e7f38b875cd472232c315cb58f2dc08f927e00084b159c", size = 786867, upload-time = "2026-08-30T02:04:14.94Z" },
    { url = "https://files.pythonhosted.org/packages/ea/9d/6a5d6e744428d37bef067fd4d7767593bdd26a267c4c4103d7906dc9bfda/hypothesis-6.167.0-cp313-cp313-macosx_11_0_arm64.whl", hash = "sha256:07ea389b2351b1119142b2e736c5eb96aae361f988db3e1c36488c294b41552c", size = 778499, upload-time = "2026-08-30T02:05:13.474Z" },
    { url = "https://files.pythonhosted.org/packages/8c/8c/beee8a3c429104e3ac7ccec5e0dc6d0cd0c70009fcf1a887c01ed47a4f73/hypothesis-6.167.0-cp313-cp313-manylinux_2_17_aarch64.manylinux2014_aarch64.whl", hash = "sha256:f060535e56a16029f7b3ef98da5a1a1e0816e76d9b4940c8b6237142d93401ed", size = 1116630, upload-time = "2026-08-30T02:04:27.847Z" },
    { url = "https://files.pythonhosted.org/packages/66/a7/ef7c79380525666204d77c8e8cf40be066acb04a1de56b838c0ec2e77e51/hypothesis-6.167.0-cp313-cp313-manylinux_2_17_x86_64.manylinux2014_x86_64.whl", hash = "sha256:5dfbfa3b76052270fb5b021c172506b7c72db3cabb1b57f96490f49e14006822", size = 1162486, upload-time = "2026-08-30T02:06:07.941Z" },
    { url = "https://files.pythonhosted.org/packages/f6/33/e017f20aec2a74e3d2032d8606c9b0e9729ee8c2fd580c4401f19216293e/hypothesis-6.167.0-cp313-cp313-musllinux_1_2_aarch64.whl", hash = "sha256:8789069253ef2e9091f1b3dbf364a658177de2711eac86626fa07851a37b7d4e", size = 1292150, upload-time = "2026-08-30T02:04:36.093Z" },
    { url = "https://files.pythonhosted.org/packages/32/4a/eee8b0a99646ac19a619fe8ac99befe3fbef610836345c4c9ac62e903249/hypothesis-6.167.0-cp313-cp313-musllinux_1_2_x86_64.whl", hash = "sha256:56e0073e8bac881ae7d7e3f6bed36dd766cc3941b9c2ec76dfdf5ae77cc6acf2", size = 1328888, upload-time = "2026-08-30T02:04:31.698Z" },
    { url = "https://files.pythonhosted.org/packages/01/f9/a52e0ff204fc5e9296bdab9eb7b27881ed7cbd53830aad22de35f6ba5dcc/hypothesis-6.167.0-cp313-cp313-win_amd64.whl", hash = "sha256:342576693423821587babc15064c4f0f13630624a5523db1963be9109686ef09", size = 675845, upload-time = "2026-08-30T02:05:00.271Z" },
    { url = "https://files.pythonhosted.org/packages/5d/6a/53246d6641937c60b111be801e1d61867fe8f5c2fa6dce4da682f3c28f5a/hypothesis-6.167.0-cp314-cp314-macosx_10_12_x86_64.whl", hash = "sha256:d9a01908ee8820800bd20b4ff289654650f4058583d3a80e58bae6c293ce78ca", size = 786974, upload-time = "2026-08-30T02:05:10.06Z" },
    { url = "https://files.pythonhosted.org/packages/d0/38/41a954266db4ede5632131488d0c571c062e5776f62032a88e5ac0872724/hypothesis-6.167.0-cp314-cp314-macosx_11_0_arm64.whl", hash = "sha256:9a5cad77635f77494b65b4869dcf0b6398dd0eececfe31a6868c8bf4a5b5bf28", size = 778645, upload-time = "2026-08-30T02:04:13.631Z" },
    { url = "https://files.pythonhosted.org/packages/f6/c4/be221a5ac3c0cddd6a95dc20328dafe081fb1c97f45384960ff678e3778e/hypothesis-6.167.0-cp314-cp314-manylinux_2_17_aarch64.manylinux2014_aarch64.whl", hash = "sha256:c07b1cdf065c8a62e209951d26d8ce21f14e3b998755f1422c6e529dfd940e3f", size = 1116940, upload-time = "2026-08-30T02:05:36.337Z" },
    { url = "https://files.pythonhosted.org/packages/a8/89/af8a1a71f0c8517a957184b4a4af1450bbc307da17349d2762c06ca94dae/hypothesis-6.167.0-cp314-cp314-manylinux_2_17_x86_64.manylinux2014_x86_64.whl", hash = "sha256:44ae0dc7cf9b0a20d39da08ec1fbe2c31c9811781582a4b7aea5bb9dd4509cef", size = 1162669, upload-time = "2026-08-30T02:05:55.178Z" },
    { url = "https://files.pythonhosted.org/packages/af/b9/c0ce1230f11f75408522dac6b2cac5cc942b9805838dc33339a61d316dd8/hypothesis-6.167.0-cp314-cp314-musllinux_1_2_aarch64.whl", hash = "sha256:8b9542a2199016998600091ea4f7bf5239f368c7c965fd335abed87b2c4bd1de", size = 1292718, upload-time = "2026-08-30T02:05:05.312Z" },
    { url = "https://files.pythonhosted.org/packages/bc/71/7544ad88f2faf9f45ef13889b94dadcd1e4a0d97b5558e535330f1afc65b/hypothesis-6.167.0-cp314-cp314-musllinux_1_2_x86_64.whl", hash = "sha256:bdbef6d0b2e7ee36192a5e457ff0258d221ffd807bc1e10e9a25dae0dd06dcbf", size = 1329107, upload-time = "2026-08-30T02:05:24.103Z" },
    { url = "https://files.pythonhosted.org/packages/87/01/a83af13ba023c31e16ea328c8ddee2c241c1a680052ade3b191bbb9287f3/hypothesis-6.167.0-cp314-cp314-pyemscripten_2026_0_wasm32.whl", hash = "sha256:c628536f8a1b29ade49668388afd5978da8fbbd678bfe960e297525d853c3707", size = 617997, upload-time = "2026-08-30T02:05:22.193Z" },
    { url = "https://files.pythonhosted.org/packages/df/05/560dbd7b95146add3d826d80d556ac8fc35ea01b4190f16795ba00f26f6c/hypothesis-6.167.0-cp314-cp314-win_amd64.whl", hash = "sha256:21039a571752c8faa69733b94f4fe04250a1dff759a87089bc3b423c1d216b4d", size = 675721, upload-time = "2026-08-30T02:05:49.26Z" },
    { url = "https://files.pythonhosted.org/packages/06/c9/7d2e3e67ab0862c978b5c8a591ae3dbae9eb1e8c1f625375e6beb513ec24/hypothesis-6.167.0-cp314-cp314t-macosx_10_12_x86_64.whl", hash = "sha256:902f42b1f3c438278281266ba7f0c55202345287e8065e2eb98fabdcda8939eb", size = 785446, upload-time = "2026-08-30T02:06:21.091Z" },
    { url = "https://files.pythonhosted.org/packages/2c/10/73706a7291e03d798d686b9422c83fdf66fe955d35313143156dd05c3297/hypothesis-6.167.0-cp314-cp314t-macosx_11_0_arm64.whl", hash = "sha256:3a235e3ef76f73e32922383bd507970cbc01fc08f17043d18a72508957af8f06", size = 777063, upload-time = "2026-08-30T02:05:06.954Z" },
    { url = "https://files.pythonhosted.org/packages/2a/e8/ef7a3036abba07c3630cc60a8e7aa7ac619daa8d7dbb8e2689f4bde76dc7/hypothesis-6.167.0-cp314-cp314t-manylinux_2_17_aarch64.manylinux2014_aarch64.whl", hash = "sha256:601965116dce06c1052ca0c89b69f0f1a49ad5b7d2da2b8352351c23296bd607", size = 1115266, upload-time = "2026-08-30T02:04:42.243Z" },
    { url = "https://files.pythonhosted.org/packages/0e/c5/943686f9dfdd7ac6423dc998f9dbf055a656e13046d5ce0f99899a0ce72c/hypothesis-6.167.0-cp314-cp314t-manylinux_2_17_x86_64.manylinux2014_x86_64.whl", hash = "sha256:578e5cefa5a293158342e3bbabc71e426ec29d5cdb41635789b55f4b48eb5f9e", size = 1161171, upload-time = "2026-08-30T02:04:24.068Z" },
    { url = "https://files.pythonhosted.org/packages/aa/96/5303010ae09a6d0480270145fc344ec0d331622132af3d2726b582a111a1/hypothesis-6.167.0-cp314-cp314t-musllinux_1_2_aarch64.whl", hash = "sha256:7356b0c2cd1d0978b66c1e4b604a4a1221695b6396f4fd6f302a817ab0a09e59", size = 1290878, upload-time = "2026-08-30T02:05:59.211Z" },
    { url = "https://files.pythonhosted.org/packages/00/f4/cfedcb75ecc35349ed77d7acbc7b0c9b68c6f3a406a5b2993c7d35ec5f6c/hypothesis-6.167.0-cp314-cp314t-musllinux_1_2_x86_64.whl", hash = "sha256:4a287d1cc06c4591ac2369997e400c99d31ad2debe52cc0f9bff12f216f80fa8", size = 1327922, upload-time = "2026-08-30T02:04:22.559Z" },
    { url = "https://files.pythonhosted.org/packages/63/cf/36bd9dd73e035c4ec92535ab77753beab20b52cdf1f9ca5873bc686ff2f9/hypothesis-6.167.0-cp314-cp314t-win_amd64.whl", hash = "sha256:0b2846cac259c96b81c6539f722c3b9fd2458a85e6273b7986dc08ee05c92318", size = 675646, upload-time = "2026-08-30T02:04:20.12Z" },
    { url = "https://files.pythonhosted.org/packages/43/59/faa4ae00641d8b61475f1979b9cbdaeb3da321057f79120985529daa4afb/hypothesis-6.167.0-cp315-abi3.abi3t-macosx_10_12_x86_64.whl", hash = "sha256:9a6896bf96592cadb3c268be95e47be8d2d093d3d9c3785fab77c13fc9b89143", size = 785024, upload-time = "2026-08-30T02:06:10.197Z" },
    { url = "https://files.pythonhosted.org/packages/f1/31/6383c81208c772090314c38ff29d798a3e4f864d19a2ac88025c629d77ad/hypothesis-6.167.0-cp315-abi3.abi3t-macosx_11_0_arm64.whl", hash = "sha256:cb75ab6af7c6e84717a718d208e8e59054c0eaa06cb290d8ec440a8b99d9fad4", size = 776692, upload-time = "2026-08-30T02:05:08.413Z" },
    { url = "https://files.pythonhosted.org/packages/97/68/92665f9361c33a29996917725118303de85b4283ed4da63ea24428310e4a/hypothesis-6.167.0-cp315-abi3.abi3t-manylinux_2_17_aarch64.manylinux2014_aarch64.whl", hash = "sha256:bc721a2fc6511806b680b0cc618de9a29385c25125544065a0c11c11095629d6", size = 1115035, upload-time = "2026-08-30T02:04:18.619Z" },
    { url = "https://files.pythonhosted.org/packages/ae/3a/82fddbfa3953ab65f95ecbb4ff8155176b5100ebfe53a129fee6f23cc4e6/hypothesis-6.167.0-cp315-abi3.abi3t-manylinux_2_17_armv7l.manylinux2014_armv7l.whl", hash = "sha256:f7117613a8b62d32cda04be4ee31ef8482bfa9d2ba31107f878b38f9cd4e440d", size = 1137728, upload-time = "2026-08-30T02:04:37.506Z" },
    { url = "https://files.pythonhosted.org/packages/ba/6f/b1da21d3ecf8b7155ba5fcfd7d98e644801dc35b70b30b97a0b3d74e916f/hypothesis-6.167.0-cp315-abi3.abi3t-manylinux_2_17_ppc64le.manylinux2014_ppc64le.whl", hash = "sha256:dee0107bb4a80dcd040f037c86f7fc96b03a70e8cf3e003761904ecb85db0b40", size = 1140371, upload-time = "2026-08-30T02:06:01.885Z" },
    { url = "https://files.pythonhosted.org/packages/ee/69/00325c56f3e9020c4383e54c379c977fafceb2395c8d0f33e008b5c0b2af/hypothesis-6.167.0-cp315-abi3.abi3t-manylinux_2_17_x86_64.manylinux2014_x86_64.whl", hash = "sha256:7852a0469cba37e777c01cf6601146a48f76c8407c33e4ee093c5502aa571685", size = 1160531, upload-time = "2026-08-30T02:06:12.298Z" },
    { url = "https://files.pythonhosted.org/packages/84/10/e60eee7abdd435947c1d41f1e4f5b2e0096102ef11e1cfbad3ccd3037a53/hypothesis-6.167.0-cp315-abi3.abi3t-manylinux_2_31_riscv64.whl", hash = "sha256:b8730e59b9e0439e4cd40d6ef47c61fb5b9d09185ea56e9a91573b1cb0e1ccf9", size = 1120523, upload-time = "2026-08-30T02:05:16.953Z" },
    { url = "https://files.pythonhosted.org/packages/21/91/6aff7cba6e3cc134ed1f911675bc775070584f6b4ae8e6e6c739cd5d68c0/hypothesis-6.167.0-cp315-abi3.abi3t-manylinux_2_5_i686.manylinux1_i686.whl", hash = "sha256:eea70c11aab935580afab3247e3a54c7eeceaf80d8452cf33e2a38015c2c139e", size = 1149342, upload-time = "2026-08-30T02:04:17.444Z" },
    { url = "https://files.pythonhosted.org/packages/72/ed/4d778a057d66fd121cc457d698c8f77690becf806736a0ce01106f5667af/hypothesis-6.167.0-cp315-abi3.abi3t-musllinux_1_2_aarch64.whl", hash = "sha256:7973858cf8d8546322efca0ecf3728f55495641da48fd70fd9e8d47fb4fa4935", size = 1290338, upload-time = "2026-08-30T02:06:16.628Z" },
    { url = "https://files.pythonhosted.org/packages/04/99/3f90361451c3d4cab6b74aaefbe0c60aa1da40210e49152c40677a379adf/hypothesis-6.167.0-cp315-abi3.abi3t-musllinux_1_2_armv7l.whl", hash = "sha256:91dbd4d673d696075b4aa9506b0c94421756364edb46e38f63ab5a0fa33dd3e1", size = 1415663, upload-time = "2026-08-30T02:05:11.861Z" },
    { url = "https://files.pythonhosted.org/packages/3b/01/2925ee0324e36cce6ca8449f52a371458a160ba18cfcafa3bb13b2ae8f72/hypothesis-6.167.0-cp315-abi3.abi3t-musllinux_1_2_ppc64le.whl", hash = "sha256:aa55764b18f139e126d3360e6227d88ca25cfd110573f6051bab1235308098b1", size = 1272067, upload-time = "2026-08-30T02:04:52.395Z" },
    { url = "https://files.pythonhosted.org/packages/e5/49/e0ba54f0f64d4f4dd680d90033408ced3edfeb6c639d9665a2f9d342a546/hypothesis-6.167.0-cp315-abi3.abi3t-musllinux_1_2_riscv64.whl", hash = "sha256:534430c0dd66bee5d4f9263a34ee2877912e796e0ff2827b98d91837e071dd84", size = 1291474, upload-time = "2026-08-30T02:04:49.465Z" },
    { url = "https://files.pythonhosted.org/packages/8b/8e/46721d5228aef6e646ef62502aec263c6776bbca7b93a705ff83ab6789ba/hypothesis-6.167.0-cp315-abi3.abi3t-musllinux_1_2_x86_64.whl", hash = "sha256:d0a82542a44bc192139c4d4e50800adf6e91b6629dc15ddd43ab870fe71a3654", size = 1327640, upload-time = "2026-08-30T02:04:30.429Z" },
    { url = "https://files.pythonhosted.org/packages/52/84/3fc3aad8bb9d891394bd0a4d0a4c5774a3d652ebb6e4a0b5533eef0c437f/hypothesis-6.167.0-cp315-abi3.abi3t-win32.whl", hash = "sha256:29f6fa02f7e98ca1ea2b67083d3267a6de443a513694d5d30214aa62fc2c13cf", size = 669042, upload-time = "2026-08-30T02:05:38.093Z" },
    { url = "https://files.pythonhosted.org/packages/fb/a6/ffaa4b788cee5ec624649e10640c1c9f6b9f60501fa67e58553ccd3a4683/hypothesis-6.167.0-cp315-abi3.abi3t-win_amd64.whl", hash = "sha256:3532de0fef4cb383e5959aca1b9d2af66804f661cac855e328bb8b00992e8800", size = 675350, upload-time = "2026-08-30T02:04:44.922Z" },
    { url = "https://files.pythonhosted.org/packages/83/45/b0733d76531186c8726c73ef187717f995c6b191d9bbf9ba6b28c7a87946/hypothesis-6.167.0-cp315-abi3.abi3t-win_arm64.whl", hash = "sha256:064c6341919abb5776e6b51f701858670b584d1963923b336e78e6e1edf2152d", size = 673044, upload-time = "2026-08-30T02:05:39.834Z" },
]

[[package]]
name = "iniconfig"
version = "2.3.0"
source = { registry = "https://pypi.org/simple" }
sdist = { url = "https://files.pythonhosted.org/packages/72/34/14ca021ce8e5dfedc35312d08ba8bf51fdd999c576889fc2c24cb97f4f10/iniconfig-2.3.0.tar.gz", hash = "sha256:c76315c77db068650d49c5b56314774a7804df16fee4402c1f19d6d15d8c4730", size = 20503, upload-time = "2025-10-18T21:55:43.219Z" }
wheels = [
    { url = "https://files.pythonhosted.org/packages/cb/b1/3846dd7f199d53cb17f49cba7e651e9ce294d8497c8c150530ed11865bb8/iniconfig-2.3.0-py3-none-any.whl", hash = "sha256:f631c04d2c48c52b84d0d0549c99ff3859c98df65b3101406327ecc7d53fbf12", size = 7484, upload-time = "2025-10-18T21:55:41.639Z" },
]

[[package]]
name = "maturin"
version = "1.15.0"
source = { registry = "https://pypi.org/simple" }
sdist = { url = "https://files.pythonhosted.org/packages/b9/c8/22e5e21b2679c9bce6415ca578034ca2cc9316be0642ae21e051a2d5198c/maturin-1.15.0.tar.gz", hash = "sha256:94b26cc8e8aba61a5f2099715fe640e18c5f678e9a500408b38761263954228a", size = 385504, upload-time = "2026-08-24T12:11:22.665Z" }
wheels = [
    { url = "https://files.pythonhosted.org/packages/14/69/5c01b461044eb1f45ddcce006706eb88110c793cdb11c7ae0b5e08492e94/maturin-1.15.0-py3-none-linux_armv6l.whl", hash = "sha256:6bf6dc62e22d4dcfd5a51244ff0d58975fa4979c48209fe84159617648956d82", size = 10206220, upload-time = "2026-08-24T12:10:53.327Z" },
    { url = "https://files.pythonhosted.org/packages/eb/1f/2b431554e11687cdb1077e0cdadcc118c53f611086b3af00c8545a67c6a5/maturin-1.15.0-py3-none-macosx_10_12_x86_64.macosx_11_0_arm64.macosx_10_12_universal2.whl", hash = "sha256:cd35772633f489841132bc8e71d6fc7f842df30b9c05cd5cdf1ee1ddcb744cc7", size = 19416513, upload-time = "2026-08-24T12:10:56.126Z" },
    { url = "https://files.pythonhosted.org/packages/51/36/e23a21cb34a648b711036b9b2fe1d4f3f4ee24f8db54215d73f1a9a3a3ec/maturin-1.15.0-py3-none-macosx_10_12_x86_64.whl", hash = "sha256:c40b4eae7bf5ef1f4b1af8d623fe4105016f93578fb15b764e741d08ec3b92dd", size = 10014962, upload-time = "2026-08-24T12:10:58.486Z" },
    { url = "https://files.pythonhosted.org/packages/8c/80/33b15cb2d8f30f12c807955e8f2fd775027692904e30ec0784744ce8cd83/maturin-1.15.0-py3-none-manylinux_2_12_i686.manylinux2010_i686.musllinux_1_1_i686.whl", hash = "sha256:7eb066372f541f8eb4909c79c5d9bd0b9e8125980bdf1ec9e8aba23c6c8d6c55", size = 10196223, upload-time = "2026-08-24T12:11:00.696Z" },
    { url = "https://files.pythonhosted.org/packages/fe/91/b495e19e2f5c503b540452b2039115e7b2363867e8c5ad4179eb752fa92c/maturin-1.15.0-py3-none-manylinux_2_12_x86_64.manylinux2010_x86_64.musllinux_1_1_x86_64.whl", hash = "sha256:653020a63525bb224e5ab0adf02e17a2e08bc86dbea7fc1399c9a56d7529b99e", size = 10541186, upload-time = "2026-08-24T12:11:02.857Z" },
    { url = "https://files.pythonhosted.org/packages/5d/2b/2abff58037188d852b124871b1f0d720e1c2bfb3d4f1b03d87c52cd66488/maturin-1.15.0-py3-none-manylinux_2_17_aarch64.manylinux2014_aarch64.musllinux_1_1_aarch64.whl", hash = "sha256:0ebf9767892725083138e671c34482c660317a2f3d6a29fc0e0f34e9d8c99136", size = 10083468, upload-time = "2026-08-24T12:11:05.012Z" },
    { url = "https://files.pythonhosted.org/packages/3f/07/b7e9f8be99a6627849e81ac7b6694876bce8f50a92995fe17e3cf2610f0a/maturin-1.15.0-py3-none-manylinux_2_17_armv7l.manylinux2014_armv7l.musllinux_1_1_armv7l.whl", hash = "sha256:7ab7eebffd7b8debca2265985de4eaeb332141276d24b9560b5ad484d4b3add1", size = 10047786, upload-time = "2026-08-24T12:11:07.042Z" },
    { url = "https://files.pythonhosted.org/packages/ca/ab/167e3cb7accee11b507dbe53e0e87aeccb376d44ae66284c96ee4df3a9fd/maturin-1.15.0-py3-none-manylinux_2_17_ppc64le.manylinux2014_ppc64le.musllinux_1_1_ppc64le.whl", hash = "sha256:126e12e618b4db42f68c779a56d41f82a390145ba36ac3f621d057eb34f5ad9d", size = 13315332, upload-time = "2026-08-24T12:11:09.433Z" },
    { url = "https://files.pythonhosted.org/packages/14/4d/801379f646cbc6b00998e5289b0630a886be3a4ee4c75b6bc9b87478a7f1/maturin-1.15.0-py3-none-manylinux_2_17_s390x.manylinux2014_s390x.whl", hash = "sha256:4f9d33e6c3f9615c8caceecbbbd440f8eb25a3ddeb687077682cd5eca2e9ae15", size = 10807183, upload-time = "2026-08-24T12:11:11.73Z" },
    { url = "https://files.pythonhosted.org/packages/89/27/2e612e1cbd1580e9e94d4722c227b5180dca27b32b955a34b79918aa1292/maturin-1.15.0-py3-none-manylinux_2_31_riscv64.musllinux_1_1_riscv64.whl", hash = "sha256:bf29beddd0c6708f112db51d5275fc28b28b9e9c9c5faae387eaef662918b176", size = 10413274, upload-time = "2026-08-24T12:11:14.04Z" },
    { url = "https://files.pythonhosted.org/packages/70/d8/202a7b4d75a51f20f84ec9ce3b7345b12b822207072164e2b1c6ef665125/maturin-1.15.0-py3-none-win32.whl", hash = "sha256:da649988be98e87e009e51b1bf0d301b6a301bc0cecbdd60d40d8ba60748d1ca", size = 8928744, upload-time = "2026-08-24T12:11:16.269Z" },
    { url = "https://files.pythonhosted.org/packages/40/dc/4e90da594986ba78dd3bc8a5921ecdcdb11085b22b02a412caab3b225601/maturin-1.15.0-py3-none-win_amd64.whl", hash = "sha256:552c2be4afd43fe8d5c9f3ec8d4c4756d973b8dcbe94c14084390301f50243e1", size = 10335085, upload-time = "2026-08-24T12:11:18.326Z" },
    { url = "https://files.pythonhosted.org/packages/8b/10/15d4314edf130955edf2dc237aa393a8a7c10f2b9b57b89fa2f61f915659/maturin-1.15.0-py3-none-win_arm64.whl", hash = "sha256:c7dc0c66c78d3debdd9c5aa807e861fbcbf07f3505d34b125df74c03986b0f48", size = 9713795, upload-time = "2026-08-24T12:11:20.83Z" },
]

[[package]]
name = "packaging"
version = "26.3"
source = { registry = "https://pypi.org/simple" }
sdist = { url = "https://files.pythonhosted.org/packages/7d/fa/3944b40b07da9ce895c0e6303a5ab7d53da063554f534556b134a54d6093/packaging-26.3.tar.gz", hash = "sha256:94edc256424af38762eb31306eed28beb9f0efc50a8837492c9d6fd6004aed79", size = 313412, upload-time = "2026-08-04T18:15:28.737Z" }
wheels = [
    { url = "https://files.pythonhosted.org/packages/63/34/ba1c580383c9eada3711951fef0795c80b829a078d72188184bcab9dd527/packaging-26.3-py3-none-any.whl", hash = "sha256:d7193f7c8e4e93f444fde0262bf90af30e16fa0ad0ad44cb553c87339b23cd1c", size = 129956, upload-time = "2026-08-04T18:15:27.159Z" },
]

[[package]]
name = "pluggy"
version = "1.6.0"
source = { registry = "https://pypi.org/simple" }
sdist = { url = "https://files.pythonhosted.org/packages/f9/e2/3e91f31a7d2b083fe6ef3fa267035b518369d9511ffab804f839851d2779/pluggy-1.6.0.tar.gz", hash = "sha256:7dcc130b76258d33b90f61b658791dede3486c3e6bfb003ee5c9bfb396dd22f3", size = 69412, upload-time = "2025-05-15T12:30:07.975Z" }
wheels = [
    { url = "https://files.pythonhosted.org/packages/54/20/4d324d65cc6d9205fabedc306948156824eb9f0ee1633355a8f7ec5c66bf/pluggy-1.6.0-py3-none-any.whl", hash = "sha256:e920276dd6813095e9377c0bc5566d94c932c33b27a3e3945d8389c374dd4746", size = 20538, upload-time = "2025-05-15T12:30:06.134Z" },
]

[[package]]
name = "psutil"
version = "7.2.2"
source = { registry = "https://pypi.org/simple" }
sdist = { url = "https://files.pythonhosted.org/packages/aa/c6/d1ddf4abb55e93cebc4f2ed8b5d6dbad109ecb8d63748dd2b20ab5e57ebe/psutil-7.2.2.tar.gz", hash = "sha256:0746f5f8d406af344fd547f1c8daa5f5c33dbc293bb8d6a16d80b4bb88f59372", size = 493740, upload-time = "2026-01-28T18:14:54.428Z" }
wheels = [
    { url = "https://files.pythonhosted.org/packages/51/08/510cbdb69c25a96f4ae523f733cdc963ae654904e8db864c07585ef99875/psutil-7.2.2-cp313-cp313t-macosx_10_13_x86_64.whl", hash = "sha256:2edccc433cbfa046b980b0df0171cd25bcaeb3a68fe9022db0979e7aa74a826b", size = 130595, upload-time = "2026-01-28T18:14:57.293Z" },
    { url = "https://files.pythonhosted.org/packages/d6/f5/97baea3fe7a5a9af7436301f85490905379b1c6f2dd51fe3ecf24b4c5fbf/psutil-7.2.2-cp313-cp313t-macosx_11_0_arm64.whl", hash = "sha256:e78c8603dcd9a04c7364f1a3e670cea95d51ee865e4efb3556a3a63adef958ea", size = 131082, upload-time = "2026-01-28T18:14:59.732Z" },
    { url = "https://files.pythonhosted.org/packages/37/d6/246513fbf9fa174af531f28412297dd05241d97a75911ac8febefa1a53c6/psutil-7.2.2-cp313-cp313t-manylinux2010_x86_64.manylinux_2_12_x86_64.manylinux_2_28_x86_64.whl", hash = "sha256:1a571f2330c966c62aeda00dd24620425d4b0cc86881c89861fbc04549e5dc63", size = 181476, upload-time = "2026-01-28T18:15:01.884Z" },
    { url = "https://files.pythonhosted.org/packages/b8/b5/9182c9af3836cca61696dabe4fd1304e17bc56cb62f17439e1154f225dd3/psutil-7.2.2-cp313-cp313t-manylinux2014_aarch64.manylinux_2_17_aarch64.manylinux_2_28_aarch64.whl", hash = "sha256:917e891983ca3c1887b4ef36447b1e0873e70c933afc831c6b6da078ba474312", size = 184062, upload-time = "2026-01-28T18:15:04.436Z" },
    { url = "https://files.pythonhosted.org/packages/16/ba/0756dca669f5a9300d0cbcbfae9a4c30e446dfc7440ffe43ded5724bfd93/psutil-7.2.2-cp313-cp313t-win_amd64.whl", hash = "sha256:ab486563df44c17f5173621c7b198955bd6b613fb87c71c161f827d3fb149a9b", size = 139893, upload-time = "2026-01-28T18:15:06.378Z" },
    { url = "https://files.pythonhosted.org/packages/1c/61/8fa0e26f33623b49949346de05ec1ddaad02ed8ba64af45f40a147dbfa97/psutil-7.2.2-cp313-cp313t-win_arm64.whl", hash = "sha256:ae0aefdd8796a7737eccea863f80f81e468a1e4cf14d926bd9b6f5f2d5f90ca9", size = 135589, upload-time = "2026-01-28T18:15:08.03Z" },
    { url = "https://files.pythonhosted.org/packages/81/69/ef179ab5ca24f32acc1dac0c247fd6a13b501fd5534dbae0e05a1c48b66d/psutil-7.2.2-cp314-cp314t-macosx_10_15_x86_64.whl", hash = "sha256:eed63d3b4d62449571547b60578c5b2c4bcccc5387148db46e0c2313dad0ee00", size = 130664, upload-time = "2026-01-28T18:15:09.469Z" },
    { url = "https://files.pythonhosted.org/packages/7b/64/665248b557a236d3fa9efc378d60d95ef56dd0a490c2cd37dafc7660d4a9/psutil-7.2.2-cp314-cp314t-macosx_11_0_arm64.whl", hash = "sha256:7b6d09433a10592ce39b13d7be5a54fbac1d1228ed29abc880fb23df7cb694c9", size = 131087, upload-time = "2026-01-28T18:15:11.724Z" },
    { url = "https://files.pythonhosted.org/packages/d5/2e/e6782744700d6759ebce3043dcfa661fb61e2fb752b91cdeae9af12c2178/psutil-7.2.2-cp314-cp314t-manylinux2010_x86_64.manylinux_2_12_x86_64.manylinux_2_28_x86_64.whl", hash = "sha256:1fa4ecf83bcdf6e6c8f4449aff98eefb5d0604bf88cb883d7da3d8d2d909546a", size = 182383, upload-time = "2026-01-28T18:15:13.445Z" },
    { url = "https://files.pythonhosted.org/packages/57/49/0a41cefd10cb7505cdc04dab3eacf24c0c2cb158a998b8c7b1d27ee2c1f5/psutil-7.2.2-cp314-cp314t-manylinux2014_aarch64.manylinux_2_17_aarch64.manylinux_2_28_aarch64.whl", hash = "sha256:e452c464a02e7dc7822a05d25db4cde564444a67e58539a00f929c51eddda0cf", size = 185210, upload-time = "2026-01-28T18:15:16.002Z" },
    { url = "https://files.pythonhosted.org/packages/dd/2c/ff9bfb544f283ba5f83ba725a3c5fec6d6b10b8f27ac1dc641c473dc390d/psutil-7.2.2-cp314-cp314t-win_amd64.whl", hash = "sha256:c7663d4e37f13e884d13994247449e9f8f574bc4655d509c3b95e9ec9e2b9dc1", size = 141228, upload-time = "2026-01-28T18:15:18.385Z" },
    { url = "https://files.pythonhosted.org/packages/f2/fc/f8d9c31db14fcec13748d373e668bc3bed94d9077dbc17fb0eebc073233c/psutil-7.2.2-cp314-cp314t-win_arm64.whl", hash = "sha256:11fe5a4f613759764e79c65cf11ebdf26e33d6dd34336f8a337aa2996d71c841", size = 136284, upload-time = "2026-01-28T18:15:19.912Z" },
    { url = "https://files.pythonhosted.org/packages/e7/36/5ee6e05c9bd427237b11b3937ad82bb8ad2752d72c6969314590dd0c2f6e/psutil-7.2.2-cp36-abi3-macosx_10_9_x86_64.whl", hash = "sha256:ed0cace939114f62738d808fdcecd4c869222507e266e574799e9c0faa17d486", size = 129090, upload-time = "2026-01-28T18:15:22.168Z" },
    { url = "https://files.pythonhosted.org/packages/80/c4/f5af4c1ca8c1eeb2e92ccca14ce8effdeec651d5ab6053c589b074eda6e1/psutil-7.2.2-cp36-abi3-macosx_11_0_arm64.whl", hash = "sha256:1a7b04c10f32cc88ab39cbf606e117fd74721c831c98a27dc04578deb0c16979", size = 129859, upload-time = "2026-01-28T18:15:23.795Z" },
    { url = "https://files.pythonhosted.org/packages/b5/70/5d8df3b09e25bce090399cf48e452d25c935ab72dad19406c77f4e828045/psutil-7.2.2-cp36-abi3-manylinux2010_x86_64.manylinux_2_12_x86_64.manylinux_2_28_x86_64.whl", hash = "sha256:076a2d2f923fd4821644f5ba89f059523da90dc9014e85f8e45a5774ca5bc6f9", size = 155560, upload-time = "2026-01-28T18:15:25.976Z" },
    { url = "https://files.pythonhosted.org/packages/63/65/37648c0c158dc222aba51c089eb3bdfa238e621674dc42d48706e639204f/psutil-7.2.2-cp36-abi3-manylinux2014_aarch64.manylinux_2_17_aarch64.manylinux_2_28_aarch64.whl", hash = "sha256:b0726cecd84f9474419d67252add4ac0cd9811b04d61123054b9fb6f57df6e9e", size = 156997, upload-time = "2026-01-28T18:15:27.794Z" },
    { url = "https://files.pythonhosted.org/packages/8e/13/125093eadae863ce03c6ffdbae9929430d116a246ef69866dad94da3bfbc/psutil-7.2.2-cp36-abi3-musllinux_1_2_aarch64.whl", hash = "sha256:fd04ef36b4a6d599bbdb225dd1d3f51e00105f6d48a28f006da7f9822f2606d8", size = 148972, upload-time = "2026-01-28T18:15:29.342Z" },
    { url = "https://files.pythonhosted.org/packages/04/78/0acd37ca84ce3ddffaa92ef0f571e073faa6d8ff1f0559ab1272188ea2be/psutil-7.2.2-cp36-abi3-musllinux_1_2_x86_64.whl", hash = "sha256:b58fabe35e80b264a4e3bb23e6b96f9e45a3df7fb7eed419ac0e5947c61e47cc", size = 148266, upload-time = "2026-01-28T18:15:31.597Z" },
    { url = "https://files.pythonhosted.org/packages/b4/90/e2159492b5426be0c1fef7acba807a03511f97c5f86b3caeda6ad92351a7/psutil-7.2.2-cp37-abi3-win_amd64.whl", hash = "sha256:eb7e81434c8d223ec4a219b5fc1c47d0417b12be7ea866e24fb5ad6e84b3d988", size = 137737, upload-time = "2026-01-28T18:15:33.849Z" },
    { url = "https://files.pythonhosted.org/packages/8c/c7/7bb2e321574b10df20cbde462a94e2b71d05f9bbda251ef27d104668306a/psutil-7.2.2-cp37-abi3-win_arm64.whl", hash = "sha256:8c233660f575a5a89e6d4cb65d9f938126312bca76d8fe087b947b3a1aaac9ee", size = 134617, upload-time = "2026-01-28T18:15:36.514Z" },
]

[[package]]
name = "pygments"
version = "2.21.0"
source = { registry = "https://pypi.org/simple" }
sdist = { url = "https://files.pythonhosted.org/packages/49/2e/ced460408999b33da6b31b0021b0f37d329e202d4169aeb164493778f25b/pygments-2.21.0.tar.gz", hash = "sha256:610ca751c9bc2492b38eb9a38a7fbc93edbbb2d7182edaf34e66ae493dee5c8c", size = 5005329, upload-time = "2026-08-17T08:02:48.824Z" }
wheels = [
    { url = "https://files.pythonhosted.org/packages/71/46/17f022dd3e953bf20a04a028a21ec746d942f8d2af30fa0f124fa0e6a684/pygments-2.21.0-py3-none-any.whl", hash = "sha256:2363c69b61c4a97c838da3b130dcd6468f4848992b21a82f2a63ec34377137d9", size = 1250147, upload-time = "2026-08-17T08:02:44.912Z" },
]

[[package]]
name = "pyperf"
version = "2.10.0"
source = { registry = "https://pypi.org/simple" }
dependencies = [
    { name = "psutil" },
]
sdist = { url = "https://files.pythonhosted.org/packages/16/91/39ca77aa58f13e8c65d747ac7e06584b55acabfa98987fb8d546bc24860d/pyperf-2.10.0.tar.gz", hash = "sha256:dd93ccfda79214725293e95f1fa6e00cb4a64adcf1326039486d4e1f91caaa62", size = 227609, upload-time = "2026-02-07T11:35:14.693Z" }
wheels = [
    { url = "https://files.pythonhosted.org/packages/91/26/f7bd5e37c254c2671f4dfff316d123eba13663bdfee941a01b09ab02d72d/pyperf-2.10.0-py3-none-any.whl", hash = "sha256:79196bc4a11e3c926dd4c6b14c80136c6b37f884fe913cbc57037f37636e9841", size = 144430, upload-time = "2026-02-07T11:35:12.636Z" },
]

[[package]]
name = "pytest"
version = "9.1.1"
source = { registry = "https://pypi.org/simple" }
dependencies = [
    { name = "colorama", marker = "sys_platform == 'win32'" },
    { name = "iniconfig" },
    { name = "packaging" },
    { name = "pluggy" },
    { name = "pygments" },
]
sdist = { url = "https://files.pythonhosted.org/packages/e4/47/b9efed96c114afcfa3c9d3fe98a76a1d14c74a9e266d397cf6eb64be5e01/pytest-9.1.1.tar.gz", hash = "sha256:1088fbde8f2b49d95a549a195707afa7a76a3ce9bcadc26b6d71f0ffda5fe313", size = 1636369, upload-time = "2026-06-19T10:58:32.857Z" }
wheels = [
    { url = "https://files.pythonhosted.org/packages/24/25/1de2678b631f5a49215c6c96fff41ba892b0a34df68d6d80292b1b48aa7f/pytest-9.1.1-py3-none-any.whl", hash = "sha256:37a86b45efb9a47a61a36449063e8e18d0cab3161329fc099eb21783169c4f0c", size = 386536, upload-time = "2026-06-19T10:58:31.347Z" },
]

[[package]]
name = "ruff"
version = "0.16.5"
source = { registry = "https://pypi.org/simple" }
sdist = { url = "https://files.pythonhosted.org/packages/f3/85/c8e12473c93018f92d19dd988a294202e1c27426c47ec4de53ffb847b8d8/ruff-0.16.5.tar.gz", hash = "sha256:1b88500f9ffbcab3dedb0082c9f9492e91ec3d618aac1236a3e0189938f7040b", size = 4912003, upload-time = "2026-08-27T16:34:18.258Z" }
wheels = [
    { url = "https://files.pythonhosted.org/packages/c6/b6/77c90a970fe2dae17a723acbd011043ea97c98d7deacccefdc4ba74ec512/ruff-0.16.5-py3-none-linux_armv6l.whl", hash = "sha256:12e5f673e774c35fbb62f288809c7653b73445f8ecec6b6063fd6ea3521aa14b", size = 10011941, upload-time = "2026-08-27T16:33:41.287Z" },
    { url = "https://files.pythonhosted.org/packages/4b/46/6cf67cf6411885a1d6f7f6d801682f155536a85176d10b605e2ceffed8bd/ruff-0.16.5-py3-none-macosx_10_12_x86_64.whl", hash = "sha256:eda58a5802de40e7ed5b32b64e0b32539338cc6fcd2c78f61e3ad6a0d79f51c3", size = 10204049, upload-time = "2026-08-27T16:33:44.056Z" },
    { url = "https://files.pythonhosted.org/packages/46/fd/c8720ca7a090abf0c2fef4abe8a5ef6e5127ed15196d8886ff75a2b370e2/ruff-0.16.5-py3-none-macosx_11_0_arm64.whl", hash = "sha256:c5ae9a7b9a8875131f40f8fe967cc86abf899779efd663cb7ce3d572d01da7eb", size = 9809037, upload-time = "2026-08-27T16:33:46.257Z" },
    { url = "https://files.pythonhosted.org/packages/43/45/a684caacdedaca180f52bacccc40bf0789d2c5a7c75f25324853e9eaedb5/ruff-0.16.5-py3-none-manylinux_2_17_aarch64.manylinux2014_aarch64.whl", hash = "sha256:7b719b0a1f4d59710d283ab2965f621684a108a9e41da622e3b23f0326cd0025", size = 9964129, upload-time = "2026-08-27T16:33:48.352Z" },
    { url = "https://files.pythonhosted.org/packages/9e/f2/5d2bcdaca6b5b93d1b4dfc166cd2aebf7680143a1b38a28759df13a94d31/ruff-0.16.5-py3-none-manylinux_2_17_armv7l.manylinux2014_armv7l.whl", hash = "sha256:2298f2780ed1be0c5cb1361e32ab7b1467f3cce7dabe101d2210a314f2fe42e9", size = 9821518, upload-time = "2026-08-27T16:33:50.57Z" },
    { url = "https://files.pythonhosted.org/packages/aa/ff/011cce29accf9257d5974145b733fc653a37985ed6825413a3987cefbfe0/ruff-0.16.5-py3-none-manylinux_2_17_i686.manylinux2014_i686.whl", hash = "sha256:258f29035a2dd021e7861e631b227a5b3f14e50c1184c9a6a122c5f4576154d7", size = 10534835, upload-time = "2026-08-27T16:33:52.522Z" },
    { url = "https://files.pythonhosted.org/packages/d7/5a/f0cf109bada9bba0e96c90c21c9f9251803f57225c32d293327a03c710d6/ruff-0.16.5-py3-none-manylinux_2_17_ppc64le.manylinux2014_ppc64le.whl", hash = "sha256:b9a4f0432966834019c74d1b7e5c51224305d7713f3d7faf3e7451f1a3be3cde", size = 11252550, upload-time = "2026-08-27T16:33:54.521Z" },
    { url = "https://files.pythonhosted.org/packages/63/4d/1d481aaea2046c6a7ed7c291f9004c669cce3c087b6b376ed5b08271e3fe/ruff-0.16.5-py3-none-manylinux_2_17_s390x.manylinux2014_s390x.whl", hash = "sha256:b5eb3a8c3d0ade9cea42b591fd530368e8798380e30e0a308b85a5cf718f09ea", size = 10777949, upload-time = "2026-08-27T16:33:56.88Z" },
    { url = "https://files.pythonhosted.org/packages/ee/34/ee245ca55f64443233034b3d02b03236b19242004281247c079390b7facd/ruff-0.16.5-py3-none-manylinux_2_17_x86_64.manylinux2014_x86_64.whl", hash = "sha256:ef0f69e191a13a3c9816f63163c88790cb12cd157bbbb384e9c44745702ab105", size = 10311656, upload-time = "2026-08-27T16:33:59.12Z" },
    { url = "https://files.pythonhosted.org/packages/a7/4d/c33a333e341c0a2b96c715b52d89a606f5a34cd4ac493cd9b8d0187186b8/ruff-0.16.5-py3-none-manylinux_2_31_riscv64.whl", hash = "sha256:0eeab41fbea2c42f98dfb9822cdccda9d24ba38d49f6dc945b5c236d48f0ef29", size = 10532125, upload-time = "2026-08-27T16:34:01.166Z" },
    { url = "https://files.pythonhosted.org/packages/30/e1/a64cef78b40192497bb98a27a8aa8f2c98ee9ee15bc97f7712d94ef32937/ruff-0.16.5-py3-none-musllinux_1_2_aarch64.whl", hash = "sha256:f0768e9df4300713fff30733c87575f68b6f1d8de41184e505b7fdd9c0c95eaf", size = 10097648, upload-time = "2026-08-27T16:34:03.16Z" },
    { url = "https://files.pythonhosted.org/packages/cc/4e/4cdc9ed3c3e109d2f71e62572a37457298d7bc7501ec3138babb7ed32bbd/ruff-0.16.5-py3-none-musllinux_1_2_armv7l.whl", hash = "sha256:95cc70cdc7aa80c338de356279d2adbeb2de0f520b9ecd8aba75b94e95e02f91", size = 9829344, upload-time = "2026-08-27T16:34:05.134Z" },
    { url = "https://files.pythonhosted.org/packages/39/4a/31ed35ce31729955fc583ee0d176d6e784c1290cb0b0a75cb2134c1ab72a/ruff-0.16.5-py3-none-musllinux_1_2_i686.whl", hash = "sha256:d185c8398ded1bfd91c0c2cb258346307571eccc473a8490af8c3977399c384a", size = 10277117, upload-time = "2026-08-27T16:34:07.425Z" },
    { url = "https://files.pythonhosted.org/packages/a8/a0/60356d86687b4b666d593df213f4dc3041750d024cb7bf2cfa81cfd65c2e/ruff-0.16.5-py3-none-musllinux_1_2_x86_64.whl", hash = "sha256:fb8e3a3c4c6a784150a7ced53b015f4b253fc2bf97a610886419ead64b4756ef", size = 10711653, upload-time = "2026-08-27T16:34:09.712Z" },
    { url = "https://files.pythonhosted.org/packages/ed/20/656d67f5b25ca9bda4e02b1de25867b2954e1d19e03648060f167ad0f4cc/ruff-0.16.5-py3-none-win32.whl", hash = "sha256:288b0a5f080492fe5635db849f9e2e84aa3cce7b7f0e955997d416c507c76a26", size = 10034250, upload-time = "2026-08-27T16:34:11.8Z" },
    { url = "https://files.pythonhosted.org/packages/5b/42/ee8e68a207b9127fcde6c3d7e197def432f346cb1af159e1fa14ca0d1cdc/ruff-0.16.5-py3-none-win_amd64.whl", hash = "sha256:ddc6385fb2137f616357ca03d6c74f4be987f80fed4008566b754f6032b8546f", size = 10516714, upload-time = "2026-08-27T16:34:13.963Z" },
    { url = "https://files.pythonhosted.org/packages/73/e3/7df5a396e445b9ba49ce9a9437439a4d80042c61c0ade199abf8d16de1ac/ruff-0.16.5-py3-none-win_arm64.whl", hash = "sha256:a64abe90968719b851bb7cedffaa8753fbdbdadab483089682db623f3edc587e", size = 10391564, upload-time = "2026-08-27T16:34:16.064Z" },
]

[[package]]
name = "sortedcontainers"
version = "2.4.0"
source = { registry = "https://pypi.org/simple" }
sdist = { url = "https://files.pythonhosted.org/packages/e8/c4/ba2f8066cceb6f23394729afe52f3bf7adec04bf9ed2c820b39e19299111/sortedcontainers-2.4.0.tar.gz", hash = "sha256:25caa5a06cc30b6b83d11423433f65d1f9d76c4c6a0c90e3379eaa43b9bfdb88", size = 30594, upload-time = "2021-05-16T22:03:42.897Z" }
wheels = [
    { url = "https://files.pythonhosted.org/packages/32/46/9cb0e58b2deb7f82b84065f37f3bffeb12413f947f9388e4cac22c4621ce/sortedcontainers-2.4.0-py2.py3-none-any.whl", hash = "sha256:a163dcaede0f1c021485e957a39245190e74249897e2ae4b2aa38595db237ee0", size = 29575, upload-time = "2021-05-16T22:03:41.177Z" },
]

[[package]]
name = "sqlparse"
version = "0.6.0"
source = { registry = "https://pypi.org/simple" }
sdist = { url = "https://files.pythonhosted.org/packages/5f/d3/3f06a1006f2261d1342aefb3c71eed02f5d4ca5bdbecd86ebc12ad38306e/sqlparse-0.6.0.tar.gz", hash = "sha256:113c35c75365ab9cc9c7231d68c6428fb11c085fc8e9eb1ad659b7ddbf6cd2b9", size = 178477, upload-time = "2026-08-13T19:16:06.396Z" }
wheels = [
    { url = "https://files.pythonhosted.org/packages/d9/50/f00935da0ec7cbf325f8dc4f772ae46fbc7b672dd62876e73f0a94adda57/sqlparse-0.6.0-py3-none-any.whl", hash = "sha256:b861c0288ce2fa56209a9a6412d2e066ac664b3873b89c26c9d8415e8e32996f", size = 50070, upload-time = "2026-08-13T19:16:04.062Z" },
]

[[package]]
name = "tzdata"
version = "2026.3"
source = { registry = "https://pypi.org/simple" }
sdist = { url = "https://files.pythonhosted.org/packages/92/ff/5a28bdfd8c3ebec42564ac7d0e54ca3db65044a9314a97f9564fa7a1e926/tzdata-2026.3.tar.gz", hash = "sha256:4a1518b8993086a7982523e071643f3c0e5f213e75b21318e78bcabfff9d1415", size = 198674, upload-time = "2026-07-10T08:50:37.887Z" }
wheels = [
    { url = "https://files.pythonhosted.org/packages/e5/6d/b53b99a9f2766d095985947a5782f1702cabb129a34f7a802d7197af832f/tzdata-2026.3-py2.py3-none-any.whl", hash = "sha256:dc096730c87af6cab1b171c9d532be840741ff5d459015e7f6947bd7d7e54931", size = 348168, upload-time = "2026-07-10T08:50:36.46Z" },
]
